
Microsoft Visual Studio Solution File, Format Version 12.00
# Visual Studio Version 17
VisualStudioVersion = 17.9.34728.123
MinimumVisualStudioVersion = 10.0.40219.1
Project("{8BC9CEB8-8B4A-11D0-8D11-00A0C91BC942}") = "Proyecto2", "Proyecto2\Proyecto2.vcxproj", "{E1DEA5B1-44E4-4140-BF8C-41E6BC9D007E}"
EndProject
Global
	GlobalSection(SolutionConfigurationPlatforms) = preSolution
		Debug|x64 = Debug|x64
		Debug|x86 = Debug|x86
		Release|x64 = Release|x64
		Release|x86 = Release|x86
	EndGlobalSection
	GlobalSection(ProjectConfigurationPlatforms) = postSolution
		{E1DEA5B1-44E4-4140-BF8C-41E6BC9D007E}.Debug|x64.ActiveCfg = Debug|x64
		{E1DEA5B1-44E4-4140-BF8C-41E6BC9D007E}.Debug|x64.Build.0 = Debug|x64
		{E1DEA5B1-44E4-4140-BF8C-41E6BC9D007E}.Debug|x86.ActiveCfg = Debug|Win32
		{E1DEA5B1-44E4-4140-BF8C-41E6BC9D007E}.Debug|x86.Build.0 = Debug|Win32
		{E1DEA5B1-44E4-4140-BF8C-41E6BC9D007E}.Release|x64.ActiveCfg = Release|x64
		{E1DEA5B1-44E4-4140-BF8C-41E6BC9D007E}.Release|x64.Build.0 = Release|x64
		{E1DEA5B1-44E4-4140-BF8C-41E6BC9D007E}.Release|x86.ActiveCfg = Release|x64
		{E1DEA5B1-44E4-4140-BF8C-41E6BC9D007E}.Release|x86.Build.0 = Release|x64
	EndGlobalSection
	GlobalSection(SolutionProperties) = preSolution
		HideSolutionNode = FALSE
	EndGlobalSection
	GlobalSection(ExtensibilityGlobals) = postSolution
		SolutionGuid = {CD66A503-5C4D-4CD3-8161-08449D184152}
	EndGlobalSection
EndGlobal
